
Microsoft Visual Studio Solution File, Format Version 12.00
# Visual Studio 15
VisualStudioVersion = 15.0.26228.9
MinimumVisualStudioVersion = 10.0.40219.1
Project("{FAE04EC0-301F-11D3-BF4B-00C04F79EFBC}") = "RestWrapper", "RestWrapper\RestWrapper.csproj", "{5E9BFD78-B65C-4B70-BF74-315BA00ECEDA}"
EndProject
Project("{FAE04EC0-301F-11D3-BF4B-00C04F79EFBC}") = "RestWrapper.Tests", "RestWrapper.Tests\RestWrapper.Tests.csproj", "{522B1355-B470-46F9-BBA0-680353CD2248}"
EndProject
Global
	GlobalSection(SolutionConfigurationPlatforms) = preSolution
		Debug|Any CPU = Debug|Any CPU
		Release|Any CPU = Release|Any CPU
	EndGlobalSection
	GlobalSection(ProjectConfigurationPlatforms) = postSolution
		{5E9BFD78-B65C-4B70-BF74-315BA00ECEDA}.Debug|Any CPU.ActiveCfg = Debug|Any CPU
		{5E9BFD78-B65C-4B70-BF74-315BA00ECEDA}.Debug|Any CPU.Build.0 = Debug|Any CPU
		{5E9BFD78-B65C-4B70-BF74-315BA00ECEDA}.Release|Any CPU.ActiveCfg = Release|Any CPU
		{5E9BFD78-B65C-4B70-BF74-315BA00ECEDA}.Release|Any CPU.Build.0 = Release|Any CPU
		{522B1355-B470-46F9-BBA0-680353CD2248}.Debug|Any CPU.ActiveCfg = Debug|Any CPU
		{522B1355-B470-46F9-BBA0-680353CD2248}.Debug|Any CPU.Build.0 = Debug|Any CPU
		{522B1355-B470-46F9-BBA0-680353CD2248}.Release|Any CPU.ActiveCfg = Release|Any CPU
		{522B1355-B470-46F9-BBA0-680353CD2248}.Release|Any CPU.Build.0 = Release|Any CPU
	EndGlobalSection
	GlobalSection(SolutionProperties) = preSolution
		HideSolutionNode = FALSE
	EndGlobalSection
EndGlobal
